// !$*UTF8*$!
{
	archiveVersion = 1;
	classes = {
	};
	objectVersion = 50;
	objects = {

/* Begin PBXBuildFile section */
		A04A4155264F921600EA23B8 /* GitHubClientApp.swift in Sources */ = {isa = PBXBuildFile; fileRef = A04A4154264F921600EA23B8 /* GitHubClientApp.swift */; };
		A04A4159264F921600EA23B8 /* Assets.xcassets in Resources */ = {isa = PBXBuildFile; fileRef = A04A4158264F921600EA23B8 /* Assets.xcassets */; };
		A04A415C264F921600EA23B8 /* Preview Assets.xcassets in Resources */ = {isa = PBXBuildFile; fileRef = A04A415B264F921600EA23B8 /* Preview Assets.xcassets */; };
		A04A4165264F965800EA23B8 /* Repo.swift in Sources */ = {isa = PBXBuildFile; fileRef = A04A4164264F965800EA23B8 /* Repo.swift */; };
		A04A4168264F967B00EA23B8 /* User.swift in Sources */ = {isa = PBXBuildFile; fileRef = A04A4167264F967B00EA23B8 /* User.swift */; };
		A04A416D264F993F00EA23B8 /* RepoRow.swift in Sources */ = {isa = PBXBuildFile; fileRef = A04A416C264F993F00EA23B8 /* RepoRow.swift */; };
		A04A4170264F9D5B00EA23B8 /* RepoDetailView.swift in Sources */ = {isa = PBXBuildFile; fileRef = A04A416F264F9D5B00EA23B8 /* RepoDetailView.swift */; };
		A04A4176264F9EC400EA23B8 /* Repo+mock.swift in Sources */ = {isa = PBXBuildFile; fileRef = A04A4175264F9EC400EA23B8 /* Repo+mock.swift */; };
		A04A417A264F9ED400EA23B8 /* User+mock.swift in Sources */ = {isa = PBXBuildFile; fileRef = A04A4179264F9ED400EA23B8 /* User+mock.swift */; };
		A0984C3726505BBB00AED787 /* RepoListView.swift in Sources */ = {isa = PBXBuildFile; fileRef = A0984C3626505BBB00AED787 /* RepoListView.swift */; };
/* End PBXBuildFile section */

/* Begin PBXFileReference section */
		A04A4151264F921600EA23B8 /* GitHubClient.app */ = {isa = PBXFileReference; explicitFileType = wrapper.application; includeInIndex = 0; path = GitHubClient.app; sourceTree = BUILT_PRODUCTS_DIR; };
		A04A4154264F921600EA23B8 /* GitHubClientApp.swift */ = {isa = PBXFileReference; lastKnownFileType = sourcecode.swift; path = GitHubClientApp.swift; sourceTree = "<group>"; };
		A04A4158264F921600EA23B8 /* Assets.xcassets */ = {isa = PBXFileReference; lastKnownFileType = folder.assetcatalog; path = Assets.xcassets; sourceTree = "<group>"; };
		A04A415B264F921600EA23B8 /* Preview Assets.xcassets */ = {isa = PBXFileReference; lastKnownFileType = folder.assetcatalog; path = "Preview Assets.xcassets"; sourceTree = "<group>"; };
		A04A415D264F921700EA23B8 /* Info.plist */ = {isa = PBXFileReference; lastKnownFileType = text.plist.xml; path = Info.plist; sourceTree = "<group>"; };
		A04A4164264F965800EA23B8 /* Repo.swift */ = {isa = PBXFileReference; lastKnownFileType = sourcecode.swift; path = Repo.swift; sourceTree = "<group>"; };
		A04A4167264F967B00EA23B8 /* User.swift */ = {isa = PBXFileReference; lastKnownFileType = sourcecode.swift; path = User.swift; sourceTree = "<group>"; };
		A04A416C264F993F00EA23B8 /* RepoRow.swift */ = {isa = PBXFileReference; lastKnownFileType = sourcecode.swift; path = RepoRow.swift; sourceTree = "<group>"; };
		A04A416F264F9D5B00EA23B8 /* RepoDetailView.swift */ = {isa = PBXFileReference; lastKnownFileType = sourcecode.swift; path = RepoDetailView.swift; sourceTree = "<group>"; };
		A04A4175264F9EC400EA23B8 /* Repo+mock.swift */ = {isa = PBXFileReference; lastKnownFileType = sourcecode.swift; path = "Repo+mock.swift"; sourceTree = "<group>"; };
		A04A4179264F9ED400EA23B8 /* User+mock.swift */ = {isa = PBXFileReference; lastKnownFileType = sourcecode.swift; path = "User+mock.swift"; sourceTree = "<group>"; };
		A0984C3626505BBB00AED787 /* RepoListView.swift */ = {isa = PBXFileReference; lastKnownFileType = sourcecode.swift; path = RepoListView.swift; sourceTree = "<group>"; };
/* End PBXFileReference section */

/* Begin PBXFrameworksBuildPhase section */
		A04A414E264F921600EA23B8 /* Frameworks */ = {
			isa = PBXFrameworksBuildPhase;
			buildActionMask = 2147483647;
			files = (
			);
			runOnlyForDeploymentPostprocessing = 0;
		};
/* End PBXFrameworksBuildPhase section */

/* Begin PBXGroup section */
		A04A4148264F921600EA23B8 = {
			isa = PBXGroup;
			children = (
				A04A4153264F921600EA23B8 /* GitHubClient */,
				A04A4152264F921600EA23B8 /* Products */,
			);
			sourceTree = "<group>";
		};
		A04A4152264F921600EA23B8 /* Products */ = {
			isa = PBXGroup;
			children = (
				A04A4151264F921600EA23B8 /* GitHubClient.app */,
			);
			name = Products;
			sourceTree = "<group>";
		};
		A04A4153264F921600EA23B8 /* GitHubClient */ = {
			isa = PBXGroup;
			children = (
				A04A4154264F921600EA23B8 /* GitHubClientApp.swift */,
				A04A4172264F9DC700EA23B8 /* Views */,
				A04A416A264F969500EA23B8 /* Models */,
				A04A4158264F921600EA23B8 /* Assets.xcassets */,
				A04A415D264F921700EA23B8 /* Info.plist */,
				A04A415A264F921600EA23B8 /* Preview Content */,
			);
			path = GitHubClient;
			sourceTree = "<group>";
		};
		A04A415A264F921600EA23B8 /* Preview Content */ = {
			isa = PBXGroup;
			children = (
				A04A4174264F9E8800EA23B8 /* Mocks */,
				A04A415B264F921600EA23B8 /* Preview Assets.xcassets */,
			);
			path = "Preview Content";
			sourceTree = "<group>";
		};
		A04A416A264F969500EA23B8 /* Models */ = {
			isa = PBXGroup;
			children = (
				A04A4164264F965800EA23B8 /* Repo.swift */,
				A04A4167264F967B00EA23B8 /* User.swift */,
			);
			path = Models;
			sourceTree = "<group>";
		};
		A04A4172264F9DC700EA23B8 /* Views */ = {
			isa = PBXGroup;
			children = (
				A04A416C264F993F00EA23B8 /* RepoRow.swift */,
				A0984C3626505BBB00AED787 /* RepoListView.swift */,
				A04A416F264F9D5B00EA23B8 /* RepoDetailView.swift */,
			);
			path = Views;
			sourceTree = "<group>";
		};
		A04A4174264F9E8800EA23B8 /* Mocks */ = {
			isa = PBXGroup;
			children = (
				A04A4175264F9EC400EA23B8 /* Repo+mock.swift */,
				A04A4179264F9ED400EA23B8 /* User+mock.swift */,
			);
			path = Mocks;
			sourceTree = "<group>";
		};
/* End PBXGroup section */

/* Begin PBXNativeTarget section */
		A04A4150264F921600EA23B8 /* GitHubClient */ = {
			isa = PBXNativeTarget;
			buildConfigurationList = A04A4160264F921700EA23B8 /* Build configuration list for PBXNativeTarget "GitHubClient" */;
			buildPhases = (
				A04A414D264F921600EA23B8 /* Sources */,
				A04A414E264F921600EA23B8 /* Frameworks */,
				A04A414F264F921600EA23B8 /* Resources */,
			);
			buildRules = (
			);
			dependencies = (
			);
			name = GitHubClient;
			productName = GitHubClient;
			productReference = A04A4151264F921600EA23B8 /* GitHubClient.app */;
			productType = "com.apple.product-type.application";
		};
/* End PBXNativeTarget section */

/* Begin PBXProject section */
		A04A4149264F921600EA23B8 /* Project object */ = {
			isa = PBXProject;
			attributes = {
				LastSwiftUpdateCheck = 1240;
				LastUpgradeCheck = 1240;
				TargetAttributes = {
					A04A4150264F921600EA23B8 = {
						CreatedOnToolsVersion = 12.4;
					};
				};
			};
			buildConfigurationList = A04A414C264F921600EA23B8 /* Build configuration list for PBXProject "GitHubClient" */;
			compatibilityVersion = "Xcode 9.3";
			developmentRegion = en;
			hasScannedForEncodings = 0;
			knownRegions = (
				en,
				Base,
			);
			mainGroup = A04A4148264F921600EA23B8;
			productRefGroup = A04A4152264F921600EA23B8 /* Products */;
			projectDirPath = "";
			projectRoot = "";
			targets = (
				A04A4150264F921600EA23B8 /* GitHubClient */,
			);
		};
/* End PBXProject section */

/* Begin PBXResourcesBuildPhase section */
		A04A414F264F921600EA23B8 /* Resources */ = {
			isa = PBXResourcesBuildPhase;
			buildActionMask = 2147483647;
			files = (
				A04A415C264F921600EA23B8 /* Preview Assets.xcassets in Resources */,
				A04A4159264F921600EA23B8 /* Assets.xcassets in Resources */,
			);
			runOnlyForDeploymentPostprocessing = 0;
		};
/* End PBXResourcesBuildPhase section */

/* Begin PBXSourcesBuildPhase section */
		A04A414D264F921600EA23B8 /* Sources */ = {
			isa = PBXSourcesBuildPhase;
			buildActionMask = 2147483647;
			files = (
				A04A4168264F967B00EA23B8 /* User.swift in Sources */,
				A04A4176264F9EC400EA23B8 /* Repo+mock.swift in Sources */,
				A0984C3726505BBB00AED787 /* RepoListView.swift in Sources */,
				A04A416D264F993F00EA23B8 /* RepoRow.swift in Sources */,
				A04A4165264F965800EA23B8 /* Repo.swift in Sources */,
				A04A4170264F9D5B00EA23B8 /* RepoDetailView.swift in Sources */,
				A04A417A264F9ED400EA23B8 /* User+mock.swift in Sources */,
				A04A4155264F921600EA23B8 /* GitHubClientApp.swift in Sources */,
			);
			runOnlyForDeploymentPostprocessing = 0;
		};
/* End PBXSourcesBuildPhase section */

/* Begin XCBuildConfiguration section */
		A04A415E264F921700EA23B8 /* Debug */ = {
			isa = XCBuildConfiguration;
			buildSettings = {
				ALWAYS_SEARCH_USER_PATHS = NO;
				CLANG_ANALYZER_NONNULL = YES;
				CLANG_ANALYZER_NUMBER_OBJECT_CONVERSION = YES_AGGRESSIVE;
				CLANG_CXX_LANGUAGE_STANDARD = "gnu++14";
				CLANG_CXX_LIBRARY = "libc++";
				CLANG_ENABLE_MODULES = YES;
				CLANG_ENABLE_OBJC_ARC = YES;
				CLANG_ENABLE_OBJC_WEAK = YES;
				CLANG_WARN_BLOCK_CAPTURE_AUTORELEASING = YES;
				CLANG_WARN_BOOL_CONVERSION = YES;
				CLANG_WARN_COMMA = YES;
				CLANG_WARN_CONSTANT_CONVERSION = YES;
				CLANG_WARN_DEPRECATED_OBJC_IMPLEMENTATIONS = YES;
				CLANG_WARN_DIRECT_OBJC_ISA_USAGE = YES_ERROR;
				CLANG_WARN_DOCUMENTATION_COMMENTS = YES;
				CLANG_WARN_EMPTY_BODY = YES;
				CLANG_WARN_ENUM_CONVERSION = YES;
				CLANG_WARN_INFINITE_RECURSION = YES;
				CLANG_WARN_INT_CONVERSION = YES;
				CLANG_WARN_NON_LITERAL_NULL_CONVERSION = YES;
				CLANG_WARN_OBJC_IMPLICIT_RETAIN_SELF = YES;
				CLANG_WARN_OBJC_LITERAL_CONVERSION = YES;
				CLANG_WARN_OBJC_ROOT_CLASS = YES_ERROR;
				CLANG_WARN_QUOTED_INCLUDE_IN_FRAMEWORK_HEADER = YES;
				CLANG_WARN_RANGE_LOOP_ANALYSIS = YES;
				CLANG_WARN_STRICT_PROTOTYPES = YES;
				CLANG_WARN_SUSPICIOUS_MOVE = YES;
				CLANG_WARN_UNGUARDED_AVAILABILITY = YES_AGGRESSIVE;
				CLANG_WARN_UNREACHABLE_CODE = YES;
				CLANG_WARN__DUPLICATE_METHOD_MATCH = YES;
				COPY_PHASE_STRIP = NO;
				DEBUG_INFORMATION_FORMAT = dwarf;
				ENABLE_STRICT_OBJC_MSGSEND = YES;
				ENABLE_TESTABILITY = YES;
				GCC_C_LANGUAGE_STANDARD = gnu11;
				GCC_DYNAMIC_NO_PIC = NO;
				GCC_NO_COMMON_BLOCKS = YES;
				GCC_OPTIMIZATION_LEVEL = 0;
				GCC_PREPROCESSOR_DEFINITIONS = (
					"DEBUG=1",
					"$(inherited)",
				);
				GCC_WARN_64_TO_32_BIT_CONVERSION = YES;
				GCC_WARN_ABOUT_RETURN_TYPE = YES_ERROR;
				GCC_WARN_UNDECLARED_SELECTOR = YES;
				GCC_WARN_UNINITIALIZED_AUTOS = YES_AGGRESSIVE;
				GCC_WARN_UNUSED_FUNCTION = YES;
				GCC_WARN_UNUSED_VARIABLE = YES;
				IPHONEOS_DEPLOYMENT_TARGET = 14.4;
				MTL_ENABLE_DEBUG_INFO = INCLUDE_SOURCE;
				MTL_FAST_MATH = YES;
				ONLY_ACTIVE_ARCH = YES;
				SDKROOT = iphoneos;
				SWIFT_ACTIVE_COMPILATION_CONDITIONS = DEBUG;
				SWIFT_OPTIMIZATION_LEVEL = "-Onone";
			};
			name = Debug;
		};
		A04A415F264F921700EA23B8 /* Release */ = {
			isa = XCBuildConfiguration;
			buildSettings = {
				ALWAYS_SEARCH_USER_PATHS = NO;
				CLANG_ANALYZER_NONNULL = YES;
				CLANG_ANALYZER_NUMBER_OBJECT_CONVERSION = YES_AGGRESSIVE;
				CLANG_CXX_LANGUAGE_STANDARD = "gnu++14";
				CLANG_CXX_LIBRARY = "libc++";
				CLANG_ENABLE_MODULES = YES;
				CLANG_ENABLE_OBJC_ARC = YES;
				CLANG_ENABLE_OBJC_WEAK = YES;
				CLANG_WARN_BLOCK_CAPTURE_AUTORELEASING = YES;
				CLANG_WARN_BOOL_CONVERSION = YES;
				CLANG_WARN_COMMA = YES;
				CLANG_WARN_CONSTANT_CONVERSION = YES;
				CLANG_WARN_DEPRECATED_OBJC_IMPLEMENTATIONS = YES;
				CLANG_WARN_DIRECT_OBJC_ISA_USAGE = YES_ERROR;
				CLANG_WARN_DOCUMENTATION_COMMENTS = YES;
				CLANG_WARN_EMPTY_BODY = YES;
				CLANG_WARN_ENUM_CONVERSION = YES;
				CLANG_WARN_INFINITE_RECURSION = YES;
				CLANG_WARN_INT_CONVERSION = YES;
				CLANG_WARN_NON_LITERAL_NULL_CONVERSION = YES;
				CLANG_WARN_OBJC_IMPLICIT_RETAIN_SELF = YES;
				CLANG_WARN_OBJC_LITERAL_CONVERSION = YES;
				CLANG_WARN_OBJC_ROOT_CLASS = YES_ERROR;
				CLANG_WARN_QUOTED_INCLUDE_IN_FRAMEWORK_HEADER = YES;
				CLANG_WARN_RANGE_LOOP_ANALYSIS = YES;
				CLANG_WARN_STRICT_PROTOTYPES = YES;
				CLANG_WARN_SUSPICIOUS_MOVE = YES;
				CLANG_WARN_UNGUARDED_AVAILABILITY = YES_AGGRESSIVE;
				CLANG_WARN_UNREACHABLE_CODE = YES;
				CLANG_WARN__DUPLICATE_METHOD_MATCH = YES;
				COPY_PHASE_STRIP = NO;
				DEBUG_INFORMATION_FORMAT = "dwarf-with-dsym";
				ENABLE_NS_ASSERTIONS = NO;
				ENABLE_STRICT_OBJC_MSGSEND = YES;
				GCC_C_LANGUAGE_STANDARD = gnu11;
				GCC_NO_COMMON_BLOCKS = YES;
				GCC_WARN_64_TO_32_BIT_CONVERSION = YES;
				GCC_WARN_ABOUT_RETURN_TYPE = YES_ERROR;
				GCC_WARN_UNDECLARED_SELECTOR = YES;
				GCC_WARN_UNINITIALIZED_AUTOS = YES_AGGRESSIVE;
				GCC_WARN_UNUSED_FUNCTION = YES;
				GCC_WARN_UNUSED_VARIABLE = YES;
				IPHONEOS_DEPLOYMENT_TARGET = 14.4;
				MTL_ENABLE_DEBUG_INFO = NO;
				MTL_FAST_MATH = YES;
				SDKROOT = iphoneos;
				SWIFT_COMPILATION_MODE = wholemodule;
				SWIFT_OPTIMIZATION_LEVEL = "-O";
				VALIDATE_PRODUCT = YES;
			};
			name = Release;
		};
		A04A4161264F921700EA23B8 /* Debug */ = {
			isa = XCBuildConfiguration;
			buildSettings = {
				ASSETCATALOG_COMPILER_APPICON_NAME = AppIcon;
				ASSETCATALOG_COMPILER_GLOBAL_ACCENT_COLOR_NAME = AccentColor;
				CODE_SIGN_STYLE = Automatic;
				DEVELOPMENT_ASSET_PATHS = "\"GitHubClient/Preview Content\"";
				DEVELOPMENT_TEAM = WAR455A93H;
				ENABLE_PREVIEWS = YES;
				INFOPLIST_FILE = GitHubClient/Info.plist;
				IPHONEOS_DEPLOYMENT_TARGET = 14.0;
				LD_RUNPATH_SEARCH_PATHS = (
					"$(inherited)",
					"@executable_path/Frameworks",
				);
				PRODUCT_BUNDLE_IDENTIFIER = com.shotaakizuki.GitHubClient;
				PRODUCT_NAME = "$(TARGET_NAME)";
				SWIFT_VERSION = 5.0;
				TARGETED_DEVICE_FAMILY = "1,2";
			};
			name = Debug;
		};
		A04A4162264F921700EA23B8 /* Release */ = {
			isa = XCBuildConfiguration;
			buildSettings = {
				ASSETCATALOG_COMPILER_APPICON_NAME = AppIcon;
				ASSETCATALOG_COMPILER_GLOBAL_ACCENT_COLOR_NAME = AccentColor;
				CODE_SIGN_STYLE = Automatic;
				DEVELOPMENT_ASSET_PATHS = "\"GitHubClient/Preview Content\"";
				DEVELOPMENT_TEAM = WAR455A93H;
				ENABLE_PREVIEWS = YES;
				INFOPLIST_FILE = GitHubClient/Info.plist;
				IPHONEOS_DEPLOYMENT_TARGET = 14.0;
				LD_RUNPATH_SEARCH_PATHS = (
					"$(inherited)",
					"@executable_path/Frameworks",
				);
				PRODUCT_BUNDLE_IDENTIFIER = com.shotaakizuki.GitHubClient;
				PRODUCT_NAME = "$(TARGET_NAME)";
				SWIFT_VERSION = 5.0;
				TARGETED_DEVICE_FAMILY = "1,2";
			};
			name = Release;
		};
/* End XCBuildConfiguration section */

/* Begin XCConfigurationList section */
		A04A414C264F921600EA23B8 /* Build configuration list for PBXProject "GitHubClient" */ = {
			isa = XCConfigurationList;
			buildConfigurations = (
				A04A415E264F921700EA23B8 /* Debug */,
				A04A415F264F921700EA23B8 /* Release */,
			);
			defaultConfigurationIsVisible = 0;
			defaultConfigurationName = Release;
		};
		A04A4160264F921700EA23B8 /* Build configuration list for PBXNativeTarget "GitHubClient" */ = {
			isa = XCConfigurationList;
			buildConfigurations = (
				A04A4161264F921700EA23B8 /* Debug */,
				A04A4162264F921700EA23B8 /* Release */,
			);
			defaultConfigurationIsVisible = 0;
			defaultConfigurationName = Release;
		};
/* End XCConfigurationList section */
	};
	rootObject = A04A4149264F921600EA23B8 /* Project object */;
}
